
Microsoft Visual Studio Solution File, Format Version 12.00
# Visual Studio Version 17
VisualStudioVersion = 17.5.002.0
MinimumVisualStudioVersion = 10.0.40219.1
Project("{9A19103F-16F7-4668-BE54-9A1E7A4F7556}") = "ExemplosFundamentos", "ExemplosFundamentos\ExemplosFundamentos.csproj", "{002B4542-78D4-442B-B2D2-D22B4106D127}"
EndProject
Global
	GlobalSection(SolutionConfigurationPlatforms) = preSolution
		Debug|Any CPU = Debug|Any CPU
		Release|Any CPU = Release|Any CPU
	EndGlobalSection
	GlobalSection(ProjectConfigurationPlatforms) = postSolution
		{002B4542-78D4-442B-B2D2-D22B4106D127}.Debug|Any CPU.ActiveCfg = Debug|Any CPU
		{002B4542-78D4-442B-B2D2-D22B4106D127}.Debug|Any CPU.Build.0 = Debug|Any CPU
		{002B4542-78D4-442B-B2D2-D22B4106D127}.Release|Any CPU.ActiveCfg = Release|Any CPU
		{002B4542-78D4-442B-B2D2-D22B4106D127}.Release|Any CPU.Build.0 = Release|Any CPU
	EndGlobalSection
	GlobalSection(SolutionProperties) = preSolution
		HideSolutionNode = FALSE
	EndGlobalSection
	GlobalSection(ExtensibilityGlobals) = postSolution
		SolutionGuid = {572158BD-D62C-4239-81CE-0BABE8BBCDC5}
	EndGlobalSection
EndGlobal
