
Microsoft Visual Studio Solution File, Format Version 12.00
# Visual Studio Version 17
VisualStudioVersion = 17.5.002.0
MinimumVisualStudioVersion = 10.0.40219.1
Project("{2150E333-8FDC-42A3-9474-1A3956D46DE8}") = "Igor", "Igor", "{20F5712A-DC6D-4243-B128-A5361073D759}"
EndProject
Project("{9A19103F-16F7-4668-BE54-9A1E7A4F7556}") = "ExemplosFundamentos", "Igor\Aula_1_ExemplosFundamentos\ExemplosFundamentos.csproj", "{2067F41E-F0C8-466F-98B9-2336CAFBD793}"
EndProject
Global
	GlobalSection(SolutionConfigurationPlatforms) = preSolution
		Debug|Any CPU = Debug|Any CPU
		Release|Any CPU = Release|Any CPU
	EndGlobalSection
	GlobalSection(ProjectConfigurationPlatforms) = postSolution
		{2067F41E-F0C8-466F-98B9-2336CAFBD793}.Debug|Any CPU.ActiveCfg = Debug|Any CPU
		{2067F41E-F0C8-466F-98B9-2336CAFBD793}.Debug|Any CPU.Build.0 = Debug|Any CPU
		{2067F41E-F0C8-466F-98B9-2336CAFBD793}.Release|Any CPU.ActiveCfg = Release|Any CPU
		{2067F41E-F0C8-466F-98B9-2336CAFBD793}.Release|Any CPU.Build.0 = Release|Any CPU
	EndGlobalSection
	GlobalSection(SolutionProperties) = preSolution
		HideSolutionNode = FALSE
	EndGlobalSection
	GlobalSection(NestedProjects) = preSolution
		{2067F41E-F0C8-466F-98B9-2336CAFBD793} = {20F5712A-DC6D-4243-B128-A5361073D759}
	EndGlobalSection
	GlobalSection(ExtensibilityGlobals) = postSolution
		SolutionGuid = {572158BD-D62C-4239-81CE-0BABE8BBCDC5}
	EndGlobalSection
EndGlobal
