
Microsoft Visual Studio Solution File, Format Version 12.00
# Visual Studio Version 17
VisualStudioVersion = 17.5.002.0
MinimumVisualStudioVersion = 10.0.40219.1
Project("{9A19103F-16F7-4668-BE54-9A1E7A4F7556}") = "Operadores-Condicionais", "Operadores-Condicionais.csproj", "{0DB4AB8A-F486-47E7-8C7B-75B47A5A47D0}"
EndProject
Global
	GlobalSection(SolutionConfigurationPlatforms) = preSolution
		Debug|Any CPU = Debug|Any CPU
		Release|Any CPU = Release|Any CPU
	EndGlobalSection
	GlobalSection(ProjectConfigurationPlatforms) = postSolution
		{0DB4AB8A-F486-47E7-8C7B-75B47A5A47D0}.Debug|Any CPU.ActiveCfg = Debug|Any CPU
		{0DB4AB8A-F486-47E7-8C7B-75B47A5A47D0}.Debug|Any CPU.Build.0 = Debug|Any CPU
		{0DB4AB8A-F486-47E7-8C7B-75B47A5A47D0}.Release|Any CPU.ActiveCfg = Release|Any CPU
		{0DB4AB8A-F486-47E7-8C7B-75B47A5A47D0}.Release|Any CPU.Build.0 = Release|Any CPU
	EndGlobalSection
	GlobalSection(SolutionProperties) = preSolution
		HideSolutionNode = FALSE
	EndGlobalSection
	GlobalSection(ExtensibilityGlobals) = postSolution
		SolutionGuid = {AF823325-34E6-4CD6-9BBE-B43383CD3675}
	EndGlobalSection
EndGlobal
