
Microsoft Visual Studio Solution File, Format Version 12.00
# Visual Studio Version 17
VisualStudioVersion = 17.5.002.0
MinimumVisualStudioVersion = 10.0.40219.1
Project("{9A19103F-16F7-4668-BE54-9A1E7A4F7556}") = "Operadores_Aritméticos_e_a_classe_Math", "Operadores_Aritméticos_e_a_classe_Math.csproj", "{24DCEDE9-73B0-4F44-9BB7-F70ABFAC722A}"
EndProject
Global
	GlobalSection(SolutionConfigurationPlatforms) = preSolution
		Debug|Any CPU = Debug|Any CPU
		Release|Any CPU = Release|Any CPU
	EndGlobalSection
	GlobalSection(ProjectConfigurationPlatforms) = postSolution
		{24DCEDE9-73B0-4F44-9BB7-F70ABFAC722A}.Debug|Any CPU.ActiveCfg = Debug|Any CPU
		{24DCEDE9-73B0-4F44-9BB7-F70ABFAC722A}.Debug|Any CPU.Build.0 = Debug|Any CPU
		{24DCEDE9-73B0-4F44-9BB7-F70ABFAC722A}.Release|Any CPU.ActiveCfg = Release|Any CPU
		{24DCEDE9-73B0-4F44-9BB7-F70ABFAC722A}.Release|Any CPU.Build.0 = Release|Any CPU
	EndGlobalSection
	GlobalSection(SolutionProperties) = preSolution
		HideSolutionNode = FALSE
	EndGlobalSection
	GlobalSection(ExtensibilityGlobals) = postSolution
		SolutionGuid = {1312217B-0814-42C0-A508-5C65F5F401A3}
	EndGlobalSection
EndGlobal
